
Microsoft Visual Studio Solution File, Format Version 12.00
# Visual Studio Version 16
VisualStudioVersion = 16.0.30225.117
MinimumVisualStudioVersion = 10.0.40219.1
Project("{FAE04EC0-301F-11D3-BF4B-00C04F79EFBC}") = "Profound", "Profound.csproj", "{83AF9FDB-8ED0-49C4-95D2-7E749040DCF6}"
EndProject
Global
	GlobalSection(SolutionConfigurationPlatforms) = preSolution
		Debug|Any CPU = Debug|Any CPU
		Release|Any CPU = Release|Any CPU
	EndGlobalSection
	GlobalSection(ProjectConfigurationPlatforms) = postSolution
		{83AF9FDB-8ED0-49C4-95D2-7E749040DCF6}.Debug|Any CPU.ActiveCfg = Debug|Any CPU
		{83AF9FDB-8ED0-49C4-95D2-7E749040DCF6}.Debug|Any CPU.Build.0 = Debug|Any CPU
		{83AF9FDB-8ED0-49C4-95D2-7E749040DCF6}.Release|Any CPU.ActiveCfg = Release|Any CPU
		{83AF9FDB-8ED0-49C4-95D2-7E749040DCF6}.Release|Any CPU.Build.0 = Release|Any CPU
	EndGlobalSection
	GlobalSection(SolutionProperties) = preSolution
		HideSolutionNode = FALSE
	EndGlobalSection
	GlobalSection(ExtensibilityGlobals) = postSolution
		SolutionGuid = {8B7CBE64-91C3-4213-A46D-484DF47F9B18}
	EndGlobalSection
EndGlobal
